
Microsoft Visual Studio Solution File, Format Version 12.00
# Visual Studio 15
VisualStudioVersion = 15.0.26730.12
MinimumVisualStudioVersion = 10.0.40219.1
Project("{FAE04EC0-301F-11D3-BF4B-00C04F79EFBC}") = "ExcelEnergoReaderLibrary", "ExcelEnergoReaderLibrary\ExcelEnergoReaderLibrary.csproj", "{54B4AE69-D526-41A4-8987-81C7C02EA310}"
EndProject
Project("{FAE04EC0-301F-11D3-BF4B-00C04F79EFBC}") = "ATMP_Start", "ATMP_Start\ATMP_Start.csproj", "{1B78BB47-BEA7-489C-B54C-940BAC8D656F}"
EndProject
Project("{FAE04EC0-301F-11D3-BF4B-00C04F79EFBC}") = "ExcelMyReaderWpf", "ExcelMyReaderWpf\ExcelMyReaderWpf.csproj", "{5C9DC298-67BD-4DFA-AFBA-6B9B02FC1F71}"
EndProject
Global
	GlobalSection(SolutionConfigurationPlatforms) = preSolution
		Debug|Any CPU = Debug|Any CPU
		Release|Any CPU = Release|Any CPU
	EndGlobalSection
	GlobalSection(ProjectConfigurationPlatforms) = postSolution
		{54B4AE69-D526-41A4-8987-81C7C02EA310}.Debug|Any CPU.ActiveCfg = Debug|Any CPU
		{54B4AE69-D526-41A4-8987-81C7C02EA310}.Debug|Any CPU.Build.0 = Debug|Any CPU
		{54B4AE69-D526-41A4-8987-81C7C02EA310}.Release|Any CPU.ActiveCfg = Release|Any CPU
		{54B4AE69-D526-41A4-8987-81C7C02EA310}.Release|Any CPU.Build.0 = Release|Any CPU
		{1B78BB47-BEA7-489C-B54C-940BAC8D656F}.Debug|Any CPU.ActiveCfg = Debug|Any CPU
		{1B78BB47-BEA7-489C-B54C-940BAC8D656F}.Debug|Any CPU.Build.0 = Debug|Any CPU
		{1B78BB47-BEA7-489C-B54C-940BAC8D656F}.Release|Any CPU.ActiveCfg = Release|Any CPU
		{1B78BB47-BEA7-489C-B54C-940BAC8D656F}.Release|Any CPU.Build.0 = Release|Any CPU
		{5C9DC298-67BD-4DFA-AFBA-6B9B02FC1F71}.Debug|Any CPU.ActiveCfg = Debug|Any CPU
		{5C9DC298-67BD-4DFA-AFBA-6B9B02FC1F71}.Debug|Any CPU.Build.0 = Debug|Any CPU
		{5C9DC298-67BD-4DFA-AFBA-6B9B02FC1F71}.Release|Any CPU.ActiveCfg = Release|Any CPU
		{5C9DC298-67BD-4DFA-AFBA-6B9B02FC1F71}.Release|Any CPU.Build.0 = Release|Any CPU
	EndGlobalSection
	GlobalSection(SolutionProperties) = preSolution
		HideSolutionNode = FALSE
	EndGlobalSection
	GlobalSection(ExtensibilityGlobals) = postSolution
		SolutionGuid = {2AB42889-4079-40B9-833C-86A35153706E}
	EndGlobalSection
EndGlobal
